
Microsoft Visual Studio Solution File, Format Version 12.00
# Visual Studio Version 16
VisualStudioVersion = 16.0.30503.244
MinimumVisualStudioVersion = 10.0.40219.1
Project("{FAE04EC0-301F-11D3-BF4B-00C04F79EFBC}") = "CommeVousVoulay!", "CommeVousVoulay!\CommeVousVoulay!.csproj", "{794CE432-83AD-4637-A23C-F27BD4E04045}"
EndProject
Global
	GlobalSection(SolutionConfigurationPlatforms) = preSolution
		Debug|Any CPU = Debug|Any CPU
		Release|Any CPU = Release|Any CPU
	EndGlobalSection
	GlobalSection(ProjectConfigurationPlatforms) = postSolution
		{794CE432-83AD-4637-A23C-F27BD4E04045}.Debug|Any CPU.ActiveCfg = Debug|Any CPU
		{794CE432-83AD-4637-A23C-F27BD4E04045}.Debug|Any CPU.Build.0 = Debug|Any CPU
		{794CE432-83AD-4637-A23C-F27BD4E04045}.Release|Any CPU.ActiveCfg = Release|Any CPU
		{794CE432-83AD-4637-A23C-F27BD4E04045}.Release|Any CPU.Build.0 = Release|Any CPU
	EndGlobalSection
	GlobalSection(SolutionProperties) = preSolution
		HideSolutionNode = FALSE
	EndGlobalSection
	GlobalSection(ExtensibilityGlobals) = postSolution
		SolutionGuid = {A858AD5A-B16C-4796-94F5-6B5E860476EC}
	EndGlobalSection
EndGlobal
